
Microsoft Visual Studio Solution File, Format Version 12.00
# Visual Studio Version 17
VisualStudioVersion = 17.11.35222.181
MinimumVisualStudioVersion = 10.0.40219.1
Project("{FAE04EC0-301F-11D3-BF4B-00C04F79EFBC}") = "ТРПО27", "ТРПО27\ТРПО27.csproj", "{BB007798-12DB-45B0-8DB2-86729D64AD8A}"
EndProject
Global
	GlobalSection(SolutionConfigurationPlatforms) = preSolution
		Debug|Any CPU = Debug|Any CPU
		Release|Any CPU = Release|Any CPU
	EndGlobalSection
	GlobalSection(ProjectConfigurationPlatforms) = postSolution
		{BB007798-12DB-45B0-8DB2-86729D64AD8A}.Debug|Any CPU.ActiveCfg = Debug|Any CPU
		{BB007798-12DB-45B0-8DB2-86729D64AD8A}.Debug|Any CPU.Build.0 = Debug|Any CPU
		{BB007798-12DB-45B0-8DB2-86729D64AD8A}.Release|Any CPU.ActiveCfg = Release|Any CPU
		{BB007798-12DB-45B0-8DB2-86729D64AD8A}.Release|Any CPU.Build.0 = Release|Any CPU
	EndGlobalSection
	GlobalSection(SolutionProperties) = preSolution
		HideSolutionNode = FALSE
	EndGlobalSection
	GlobalSection(ExtensibilityGlobals) = postSolution
		SolutionGuid = {BBD25DB0-1517-4184-8FD8-767BFBC7E4F3}
	EndGlobalSection
EndGlobal
